
Microsoft Visual Studio Solution File, Format Version 12.00
# Visual Studio 15
VisualStudioVersion = 15.0.28307.136
MinimumVisualStudioVersion = 10.0.40219.1
Project("{FAE04EC0-301F-11D3-BF4B-00C04F79EFBC}") = "Methanisation", "Methanisation\Methanisation.csproj", "{BE952573-C293-4CFC-AA47-E92CB8DF9482}"
EndProject
Global
	GlobalSection(SolutionConfigurationPlatforms) = preSolution
		Debug|Any CPU = Debug|Any CPU
		Release|Any CPU = Release|Any CPU
	EndGlobalSection
	GlobalSection(ProjectConfigurationPlatforms) = postSolution
		{BE952573-C293-4CFC-AA47-E92CB8DF9482}.Debug|Any CPU.ActiveCfg = Debug|Any CPU
		{BE952573-C293-4CFC-AA47-E92CB8DF9482}.Debug|Any CPU.Build.0 = Debug|Any CPU
		{BE952573-C293-4CFC-AA47-E92CB8DF9482}.Release|Any CPU.ActiveCfg = Release|Any CPU
		{BE952573-C293-4CFC-AA47-E92CB8DF9482}.Release|Any CPU.Build.0 = Release|Any CPU
	EndGlobalSection
	GlobalSection(SolutionProperties) = preSolution
		HideSolutionNode = FALSE
	EndGlobalSection
	GlobalSection(ExtensibilityGlobals) = postSolution
		SolutionGuid = {1DF21BFC-36F4-45EA-80A2-87F69BCD6A82}
	EndGlobalSection
EndGlobal
